
Microsoft Visual Studio Solution File, Format Version 12.00
# Visual Studio 15
VisualStudioVersion = 15.0.28307.329
MinimumVisualStudioVersion = 10.0.40219.1
Project("{FAE04EC0-301F-11D3-BF4B-00C04F79EFBC}") = "Atividade1POO", "Atividade1POO\Atividade1POO.csproj", "{221C0B22-102A-4E9E-9093-53EF5E6D79BA}"
EndProject
Global
	GlobalSection(SolutionConfigurationPlatforms) = preSolution
		Debug|Any CPU = Debug|Any CPU
		Release|Any CPU = Release|Any CPU
	EndGlobalSection
	GlobalSection(ProjectConfigurationPlatforms) = postSolution
		{221C0B22-102A-4E9E-9093-53EF5E6D79BA}.Debug|Any CPU.ActiveCfg = Debug|Any CPU
		{221C0B22-102A-4E9E-9093-53EF5E6D79BA}.Debug|Any CPU.Build.0 = Debug|Any CPU
		{221C0B22-102A-4E9E-9093-53EF5E6D79BA}.Release|Any CPU.ActiveCfg = Release|Any CPU
		{221C0B22-102A-4E9E-9093-53EF5E6D79BA}.Release|Any CPU.Build.0 = Release|Any CPU
	EndGlobalSection
	GlobalSection(SolutionProperties) = preSolution
		HideSolutionNode = FALSE
	EndGlobalSection
	GlobalSection(ExtensibilityGlobals) = postSolution
		SolutionGuid = {85479DBE-B34B-4D73-AF37-BD5CDA133188}
	EndGlobalSection
EndGlobal
